
Microsoft Visual Studio Solution File, Format Version 12.00
# Visual Studio Version 17
VisualStudioVersion = 17.14.36327.8 d17.14
MinimumVisualStudioVersion = 10.0.40219.1
Project("{FAE04EC0-301F-11D3-BF4B-00C04F79EFBC}") = "AppointmentBooking", "AppointmentBooking\AppointmentBooking.csproj", "{823399BB-5A13-4493-96E3-F31145395B2B}"
EndProject
Project("{FAE04EC0-301F-11D3-BF4B-00C04F79EFBC}") = "AppointmentBooking.Tests", "AppointmentBooking.Tests\AppointmentBooking.Tests.csproj", "{0C4040C0-51D5-4695-A12D-A2CBE21497E8}"
EndProject
Global
	GlobalSection(SolutionConfigurationPlatforms) = preSolution
		Debug|Any CPU = Debug|Any CPU
		Release|Any CPU = Release|Any CPU
	EndGlobalSection
	GlobalSection(ProjectConfigurationPlatforms) = postSolution
		{823399BB-5A13-4493-96E3-F31145395B2B}.Debug|Any CPU.ActiveCfg = Debug|Any CPU
		{823399BB-5A13-4493-96E3-F31145395B2B}.Debug|Any CPU.Build.0 = Debug|Any CPU
		{823399BB-5A13-4493-96E3-F31145395B2B}.Release|Any CPU.ActiveCfg = Release|Any CPU
		{823399BB-5A13-4493-96E3-F31145395B2B}.Release|Any CPU.Build.0 = Release|Any CPU
		{0C4040C0-51D5-4695-A12D-A2CBE21497E8}.Debug|Any CPU.ActiveCfg = Debug|Any CPU
		{0C4040C0-51D5-4695-A12D-A2CBE21497E8}.Debug|Any CPU.Build.0 = Debug|Any CPU
		{0C4040C0-51D5-4695-A12D-A2CBE21497E8}.Release|Any CPU.ActiveCfg = Release|Any CPU
		{0C4040C0-51D5-4695-A12D-A2CBE21497E8}.Release|Any CPU.Build.0 = Release|Any CPU
	EndGlobalSection
	GlobalSection(SolutionProperties) = preSolution
		HideSolutionNode = FALSE
	EndGlobalSection
	GlobalSection(ExtensibilityGlobals) = postSolution
		SolutionGuid = {391EF085-A770-4B63-A1B2-0A012DA9B88A}
	EndGlobalSection
EndGlobal
